
Microsoft Visual Studio Solution File, Format Version 12.00
# Visual Studio Version 17
VisualStudioVersion = 17.3.32922.545
MinimumVisualStudioVersion = 10.0.40219.1
Project("{9A19103F-16F7-4668-BE54-9A1E7A4F7556}") = "Module7", "Module7\Module7.csproj", "{6E0B8433-B120-4E51-B0B0-1E4A129BE4A2}"
EndProject
Project("{9A19103F-16F7-4668-BE54-9A1E7A4F7556}") = "Task7.1.4", "Task7.1.4\Task7.1.4.csproj", "{9BFA3F77-CB97-446C-8604-EA4591C01FD8}"
EndProject
Project("{9A19103F-16F7-4668-BE54-9A1E7A4F7556}") = "Task7.1.5", "Task7.1.5\Task7.1.5.csproj", "{4F442EC4-CB2D-4D2F-B806-0BE70DE9304C}"
EndProject
Project("{9A19103F-16F7-4668-BE54-9A1E7A4F7556}") = "Task7.1.6", "Task7.1.6\Task7.1.6.csproj", "{70BD9A85-A6B8-447F-89D4-B58926CEA553}"
EndProject
Project("{9A19103F-16F7-4668-BE54-9A1E7A4F7556}") = "Task7,1,10", "Task7,1,10\Task7,1,10.csproj", "{CD22B6DA-BFC7-4857-9896-5EDF131D2D8A}"
EndProject
Project("{9A19103F-16F7-4668-BE54-9A1E7A4F7556}") = "Task7.2.7", "Task7.2.7\Task7.2.7.csproj", "{94E2BF8F-5C0D-4DC8-8AB1-01EBBBB29415}"
EndProject
Project("{9A19103F-16F7-4668-BE54-9A1E7A4F7556}") = "Task7.2.12", "Task7.2.12\Task7.2.12.csproj", "{95945788-7383-4CE1-837D-E2E5ABF19ED5}"
EndProject
Project("{9A19103F-16F7-4668-BE54-9A1E7A4F7556}") = "Task7.2.14", "Task7.2.14\Task7.2.14.csproj", "{62890CCD-D31F-4005-A398-09AAEA3E20B3}"
EndProject
Project("{9A19103F-16F7-4668-BE54-9A1E7A4F7556}") = "Task7.3.3", "Task7.3.3\Task7.3.3.csproj", "{4EAAD699-F726-4D44-AA17-D41B21DFA898}"
EndProject
Project("{FAE04EC0-301F-11D3-BF4B-00C04F79EFBC}") = "Task7.5.2", "Task7.5.2\Task7.5.2.csproj", "{757C270A-AFF6-413A-A805-D369791B72B9}"
EndProject
Project("{FAE04EC0-301F-11D3-BF4B-00C04F79EFBC}") = "Task7.5.3", "Task7.5.3\Task7.5.3.csproj", "{8F70C0C8-C3BC-471F-A124-20CEA4060AD0}"
EndProject
Project("{FAE04EC0-301F-11D3-BF4B-00C04F79EFBC}") = "Task7.5.5", "Task7.5.5\Task7.5.5.csproj", "{407FED12-0A1A-4D16-9794-E4D04BED0EB8}"
EndProject
Global
	GlobalSection(SolutionConfigurationPlatforms) = preSolution
		Debug|Any CPU = Debug|Any CPU
		Release|Any CPU = Release|Any CPU
	EndGlobalSection
	GlobalSection(ProjectConfigurationPlatforms) = postSolution
		{6E0B8433-B120-4E51-B0B0-1E4A129BE4A2}.Debug|Any CPU.ActiveCfg = Debug|Any CPU
		{6E0B8433-B120-4E51-B0B0-1E4A129BE4A2}.Debug|Any CPU.Build.0 = Debug|Any CPU
		{6E0B8433-B120-4E51-B0B0-1E4A129BE4A2}.Release|Any CPU.ActiveCfg = Release|Any CPU
		{6E0B8433-B120-4E51-B0B0-1E4A129BE4A2}.Release|Any CPU.Build.0 = Release|Any CPU
		{9BFA3F77-CB97-446C-8604-EA4591C01FD8}.Debug|Any CPU.ActiveCfg = Debug|Any CPU
		{9BFA3F77-CB97-446C-8604-EA4591C01FD8}.Debug|Any CPU.Build.0 = Debug|Any CPU
		{9BFA3F77-CB97-446C-8604-EA4591C01FD8}.Release|Any CPU.ActiveCfg = Release|Any CPU
		{9BFA3F77-CB97-446C-8604-EA4591C01FD8}.Release|Any CPU.Build.0 = Release|Any CPU
		{4F442EC4-CB2D-4D2F-B806-0BE70DE9304C}.Debug|Any CPU.ActiveCfg = Debug|Any CPU
		{4F442EC4-CB2D-4D2F-B806-0BE70DE9304C}.Debug|Any CPU.Build.0 = Debug|Any CPU
		{4F442EC4-CB2D-4D2F-B806-0BE70DE9304C}.Release|Any CPU.ActiveCfg = Release|Any CPU
		{4F442EC4-CB2D-4D2F-B806-0BE70DE9304C}.Release|Any CPU.Build.0 = Release|Any CPU
		{70BD9A85-A6B8-447F-89D4-B58926CEA553}.Debug|Any CPU.ActiveCfg = Debug|Any CPU
		{70BD9A85-A6B8-447F-89D4-B58926CEA553}.Debug|Any CPU.Build.0 = Debug|Any CPU
		{70BD9A85-A6B8-447F-89D4-B58926CEA553}.Release|Any CPU.ActiveCfg = Release|Any CPU
		{70BD9A85-A6B8-447F-89D4-B58926CEA553}.Release|Any CPU.Build.0 = Release|Any CPU
		{CD22B6DA-BFC7-4857-9896-5EDF131D2D8A}.Debug|Any CPU.ActiveCfg = Debug|Any CPU
		{CD22B6DA-BFC7-4857-9896-5EDF131D2D8A}.Debug|Any CPU.Build.0 = Debug|Any CPU
		{CD22B6DA-BFC7-4857-9896-5EDF131D2D8A}.Release|Any CPU.ActiveCfg = Release|Any CPU
		{CD22B6DA-BFC7-4857-9896-5EDF131D2D8A}.Release|Any CPU.Build.0 = Release|Any CPU
		{94E2BF8F-5C0D-4DC8-8AB1-01EBBBB29415}.Debug|Any CPU.ActiveCfg = Debug|Any CPU
		{94E2BF8F-5C0D-4DC8-8AB1-01EBBBB29415}.Debug|Any CPU.Build.0 = Debug|Any CPU
		{94E2BF8F-5C0D-4DC8-8AB1-01EBBBB29415}.Release|Any CPU.ActiveCfg = Release|Any CPU
		{94E2BF8F-5C0D-4DC8-8AB1-01EBBBB29415}.Release|Any CPU.Build.0 = Release|Any CPU
		{95945788-7383-4CE1-837D-E2E5ABF19ED5}.Debug|Any CPU.ActiveCfg = Debug|Any CPU
		{95945788-7383-4CE1-837D-E2E5ABF19ED5}.Debug|Any CPU.Build.0 = Debug|Any CPU
		{95945788-7383-4CE1-837D-E2E5ABF19ED5}.Release|Any CPU.ActiveCfg = Release|Any CPU
		{95945788-7383-4CE1-837D-E2E5ABF19ED5}.Release|Any CPU.Build.0 = Release|Any CPU
		{62890CCD-D31F-4005-A398-09AAEA3E20B3}.Debug|Any CPU.ActiveCfg = Debug|Any CPU
		{62890CCD-D31F-4005-A398-09AAEA3E20B3}.Debug|Any CPU.Build.0 = Debug|Any CPU
		{62890CCD-D31F-4005-A398-09AAEA3E20B3}.Release|Any CPU.ActiveCfg = Release|Any CPU
		{62890CCD-D31F-4005-A398-09AAEA3E20B3}.Release|Any CPU.Build.0 = Release|Any CPU
		{4EAAD699-F726-4D44-AA17-D41B21DFA898}.Debug|Any CPU.ActiveCfg = Debug|Any CPU
		{4EAAD699-F726-4D44-AA17-D41B21DFA898}.Debug|Any CPU.Build.0 = Debug|Any CPU
		{4EAAD699-F726-4D44-AA17-D41B21DFA898}.Release|Any CPU.ActiveCfg = Release|Any CPU
		{4EAAD699-F726-4D44-AA17-D41B21DFA898}.Release|Any CPU.Build.0 = Release|Any CPU
		{757C270A-AFF6-413A-A805-D369791B72B9}.Debug|Any CPU.ActiveCfg = Debug|Any CPU
		{757C270A-AFF6-413A-A805-D369791B72B9}.Debug|Any CPU.Build.0 = Debug|Any CPU
		{757C270A-AFF6-413A-A805-D369791B72B9}.Release|Any CPU.ActiveCfg = Release|Any CPU
		{757C270A-AFF6-413A-A805-D369791B72B9}.Release|Any CPU.Build.0 = Release|Any CPU
		{8F70C0C8-C3BC-471F-A124-20CEA4060AD0}.Debug|Any CPU.ActiveCfg = Debug|Any CPU
		{8F70C0C8-C3BC-471F-A124-20CEA4060AD0}.Debug|Any CPU.Build.0 = Debug|Any CPU
		{8F70C0C8-C3BC-471F-A124-20CEA4060AD0}.Release|Any CPU.ActiveCfg = Release|Any CPU
		{8F70C0C8-C3BC-471F-A124-20CEA4060AD0}.Release|Any CPU.Build.0 = Release|Any CPU
		{407FED12-0A1A-4D16-9794-E4D04BED0EB8}.Debug|Any CPU.ActiveCfg = Debug|Any CPU
		{407FED12-0A1A-4D16-9794-E4D04BED0EB8}.Debug|Any CPU.Build.0 = Debug|Any CPU
		{407FED12-0A1A-4D16-9794-E4D04BED0EB8}.Release|Any CPU.ActiveCfg = Release|Any CPU
		{407FED12-0A1A-4D16-9794-E4D04BED0EB8}.Release|Any CPU.Build.0 = Release|Any CPU
	EndGlobalSection
	GlobalSection(SolutionProperties) = preSolution
		HideSolutionNode = FALSE
	EndGlobalSection
	GlobalSection(ExtensibilityGlobals) = postSolution
		SolutionGuid = {3C1EA244-88B2-462E-A215-48957A49DEC8}
	EndGlobalSection
EndGlobal
